
Microsoft Visual Studio Solution File, Format Version 12.00
# Visual Studio Version 18
VisualStudioVersion = 18.2.11415.280
MinimumVisualStudioVersion = 10.0.40219.1
Project("{FAE04EC0-301F-11D3-BF4B-00C04F79EFBC}") = "ProvisionData.HaloPSA.ApiClient", "src\ProvisionData.HaloPSA.ApiClient\ProvisionData.HaloPSA.ApiClient.csproj", "{76065FFC-B8F3-8AB0-7041-436455EE6E17}"
EndProject
Project("{2150E333-8FDC-42A3-9474-1A3956D46DE8}") = "dev", "dev", "{4B8794A0-C7EE-4CFE-A4C0-CB99F258CDDF}"
	ProjectSection(SolutionItems) = preProject
		.editorconfig = .editorconfig
		.gitattributes = .gitattributes
		.gitignore = .gitignore
		.github\workflows\ci.yml = .github\workflows\ci.yml
		Directory.Build.props = Directory.Build.props
		Directory.Packages.props = Directory.Packages.props
		GitInfo.txt = GitInfo.txt
		LICENSE.md = LICENSE.md
		README.md = README.md
		scratch.txt = scratch.txt
	EndProjectSection
EndProject
Project("{2150E333-8FDC-42A3-9474-1A3956D46DE8}") = "docs", "docs", "{97FDE202-0638-4D9D-8BC9-173AC7EC127D}"
	ProjectSection(SolutionItems) = preProject
		docs\CreateAsset.json = docs\CreateAsset.json
		docs\schema.sql = docs\schema.sql
		swagger-20260125.json = swagger-20260125.json
	EndProjectSection
EndProject
Project("{2150E333-8FDC-42A3-9474-1A3956D46DE8}") = "tests", "tests", "{C6CA5124-02E2-43FE-A1CF-DC83D2CDA645}"
EndProject
Project("{2150E333-8FDC-42A3-9474-1A3956D46DE8}") = "src", "src", "{23C1DDDD-B343-4B9C-92A9-01B149A2988B}"
EndProject
Project("{FAE04EC0-301F-11D3-BF4B-00C04F79EFBC}") = "ProvisionData.HaloPSA.ApiClient.Tests", "tests\ProvisionData.HaloPSA.ApiClient.Tests\ProvisionData.HaloPSA.ApiClient.Tests.csproj", "{49E06BEC-5887-0D2F-F77F-18AD537B02CC}"
EndProject
Project("{FAE04EC0-301F-11D3-BF4B-00C04F79EFBC}") = "ProvisionData.HaloPSA.ApiClient.ModelGenerator", "src\ProvisionData.HaloPSA.ApiClient.Generator\ProvisionData.HaloPSA.ApiClient.ModelGenerator.csproj", "{2882F981-AE3E-4AC0-83D7-216A03F9724A}"
EndProject
Project("{FAE04EC0-301F-11D3-BF4B-00C04F79EFBC}") = "ProvisionData.HaloPSA.ApiClient.Contracts", "src\ProvisionData.HaloPSA.ApiClient.Contracts\ProvisionData.HaloPSA.ApiClient.Contracts.csproj", "{D9F62CDB-2483-4E7F-BD2B-ECF939E0A305}"
EndProject
Global
	GlobalSection(SolutionConfigurationPlatforms) = preSolution
		Debug|Any CPU = Debug|Any CPU
		Debug|x64 = Debug|x64
		Debug|x86 = Debug|x86
		Release|Any CPU = Release|Any CPU
		Release|x64 = Release|x64
		Release|x86 = Release|x86
	EndGlobalSection
	GlobalSection(ProjectConfigurationPlatforms) = postSolution
		{76065FFC-B8F3-8AB0-7041-436455EE6E17}.Debug|Any CPU.ActiveCfg = Debug|Any CPU
		{76065FFC-B8F3-8AB0-7041-436455EE6E17}.Debug|Any CPU.Build.0 = Debug|Any CPU
		{76065FFC-B8F3-8AB0-7041-436455EE6E17}.Debug|x64.ActiveCfg = Debug|Any CPU
		{76065FFC-B8F3-8AB0-7041-436455EE6E17}.Debug|x64.Build.0 = Debug|Any CPU
		{76065FFC-B8F3-8AB0-7041-436455EE6E17}.Debug|x86.ActiveCfg = Debug|Any CPU
		{76065FFC-B8F3-8AB0-7041-436455EE6E17}.Debug|x86.Build.0 = Debug|Any CPU
		{76065FFC-B8F3-8AB0-7041-436455EE6E17}.Release|Any CPU.ActiveCfg = Release|Any CPU
		{76065FFC-B8F3-8AB0-7041-436455EE6E17}.Release|Any CPU.Build.0 = Release|Any CPU
		{76065FFC-B8F3-8AB0-7041-436455EE6E17}.Release|x64.ActiveCfg = Release|Any CPU
		{76065FFC-B8F3-8AB0-7041-436455EE6E17}.Release|x64.Build.0 = Release|Any CPU
		{76065FFC-B8F3-8AB0-7041-436455EE6E17}.Release|x86.ActiveCfg = Release|Any CPU
		{76065FFC-B8F3-8AB0-7041-436455EE6E17}.Release|x86.Build.0 = Release|Any CPU
		{49E06BEC-5887-0D2F-F77F-18AD537B02CC}.Debug|Any CPU.ActiveCfg = Debug|Any CPU
		{49E06BEC-5887-0D2F-F77F-18AD537B02CC}.Debug|Any CPU.Build.0 = Debug|Any CPU
		{49E06BEC-5887-0D2F-F77F-18AD537B02CC}.Debug|x64.ActiveCfg = Debug|Any CPU
		{49E06BEC-5887-0D2F-F77F-18AD537B02CC}.Debug|x64.Build.0 = Debug|Any CPU
		{49E06BEC-5887-0D2F-F77F-18AD537B02CC}.Debug|x86.ActiveCfg = Debug|Any CPU
		{49E06BEC-5887-0D2F-F77F-18AD537B02CC}.Debug|x86.Build.0 = Debug|Any CPU
		{49E06BEC-5887-0D2F-F77F-18AD537B02CC}.Release|Any CPU.ActiveCfg = Release|Any CPU
		{49E06BEC-5887-0D2F-F77F-18AD537B02CC}.Release|Any CPU.Build.0 = Release|Any CPU
		{49E06BEC-5887-0D2F-F77F-18AD537B02CC}.Release|x64.ActiveCfg = Release|Any CPU
		{49E06BEC-5887-0D2F-F77F-18AD537B02CC}.Release|x64.Build.0 = Release|Any CPU
		{49E06BEC-5887-0D2F-F77F-18AD537B02CC}.Release|x86.ActiveCfg = Release|Any CPU
		{49E06BEC-5887-0D2F-F77F-18AD537B02CC}.Release|x86.Build.0 = Release|Any CPU
		{2882F981-AE3E-4AC0-83D7-216A03F9724A}.Debug|Any CPU.ActiveCfg = Debug|Any CPU
		{2882F981-AE3E-4AC0-83D7-216A03F9724A}.Debug|Any CPU.Build.0 = Debug|Any CPU
		{2882F981-AE3E-4AC0-83D7-216A03F9724A}.Debug|x64.ActiveCfg = Debug|Any CPU
		{2882F981-AE3E-4AC0-83D7-216A03F9724A}.Debug|x64.Build.0 = Debug|Any CPU
		{2882F981-AE3E-4AC0-83D7-216A03F9724A}.Debug|x86.ActiveCfg = Debug|Any CPU
		{2882F981-AE3E-4AC0-83D7-216A03F9724A}.Debug|x86.Build.0 = Debug|Any CPU
		{2882F981-AE3E-4AC0-83D7-216A03F9724A}.Release|Any CPU.ActiveCfg = Release|Any CPU
		{2882F981-AE3E-4AC0-83D7-216A03F9724A}.Release|Any CPU.Build.0 = Release|Any CPU
		{2882F981-AE3E-4AC0-83D7-216A03F9724A}.Release|x64.ActiveCfg = Release|Any CPU
		{2882F981-AE3E-4AC0-83D7-216A03F9724A}.Release|x64.Build.0 = Release|Any CPU
		{2882F981-AE3E-4AC0-83D7-216A03F9724A}.Release|x86.ActiveCfg = Release|Any CPU
		{2882F981-AE3E-4AC0-83D7-216A03F9724A}.Release|x86.Build.0 = Release|Any CPU
		{D9F62CDB-2483-4E7F-BD2B-ECF939E0A305}.Debug|Any CPU.ActiveCfg = Debug|Any CPU
		{D9F62CDB-2483-4E7F-BD2B-ECF939E0A305}.Debug|Any CPU.Build.0 = Debug|Any CPU
		{D9F62CDB-2483-4E7F-BD2B-ECF939E0A305}.Debug|x64.ActiveCfg = Debug|Any CPU
		{D9F62CDB-2483-4E7F-BD2B-ECF939E0A305}.Debug|x64.Build.0 = Debug|Any CPU
		{D9F62CDB-2483-4E7F-BD2B-ECF939E0A305}.Debug|x86.ActiveCfg = Debug|Any CPU
		{D9F62CDB-2483-4E7F-BD2B-ECF939E0A305}.Debug|x86.Build.0 = Debug|Any CPU
		{D9F62CDB-2483-4E7F-BD2B-ECF939E0A305}.Release|Any CPU.ActiveCfg = Release|Any CPU
		{D9F62CDB-2483-4E7F-BD2B-ECF939E0A305}.Release|Any CPU.Build.0 = Release|Any CPU
		{D9F62CDB-2483-4E7F-BD2B-ECF939E0A305}.Release|x64.ActiveCfg = Release|Any CPU
		{D9F62CDB-2483-4E7F-BD2B-ECF939E0A305}.Release|x64.Build.0 = Release|Any CPU
		{D9F62CDB-2483-4E7F-BD2B-ECF939E0A305}.Release|x86.ActiveCfg = Release|Any CPU
		{D9F62CDB-2483-4E7F-BD2B-ECF939E0A305}.Release|x86.Build.0 = Release|Any CPU
	EndGlobalSection
	GlobalSection(SolutionProperties) = preSolution
		HideSolutionNode = FALSE
	EndGlobalSection
	GlobalSection(NestedProjects) = preSolution
		{76065FFC-B8F3-8AB0-7041-436455EE6E17} = {23C1DDDD-B343-4B9C-92A9-01B149A2988B}
		{49E06BEC-5887-0D2F-F77F-18AD537B02CC} = {C6CA5124-02E2-43FE-A1CF-DC83D2CDA645}
		{2882F981-AE3E-4AC0-83D7-216A03F9724A} = {23C1DDDD-B343-4B9C-92A9-01B149A2988B}
		{D9F62CDB-2483-4E7F-BD2B-ECF939E0A305} = {23C1DDDD-B343-4B9C-92A9-01B149A2988B}
	EndGlobalSection
	GlobalSection(ExtensibilityGlobals) = postSolution
		SolutionGuid = {39718234-34AB-4D17-8279-5CA43A7BD1A2}
	EndGlobalSection
EndGlobal
